Microsoft Visual Studio Solution File, Format Version 12.00
# Visual Studio Version 17
VisualStudioVersion = 17.0.31903.59
MinimumVisualStudioVersion = 10.0.40219.1
Project("{FAE04EC0-301F-11D3-BF4B-00C04F79EFBC}") = "QuickNotesTxt", "src\QuickNotesTxt\QuickNotesTxt.csproj", "{4BA30514-8D73-4CE2-B934-BE7C5F1576AA}"
EndProject
Project("{FAE04EC0-301F-11D3-BF4B-00C04F79EFBC}") = "QuickNotesTxt.Tests", "tests\QuickNotesTxt.Tests\QuickNotesTxt.Tests.csproj", "{EA4183ED-1108-4293-B380-613762CFF9E9}"
EndProject
Global
    GlobalSection(SolutionConfigurationPlatforms) = preSolution
        Debug|Any CPU = Debug|Any CPU
        Release|Any CPU = Release|Any CPU
    EndGlobalSection
    GlobalSection(ProjectConfigurationPlatforms) = postSolution
        {4BA30514-8D73-4CE2-B934-BE7C5F1576AA}.Debug|Any CPU.ActiveCfg = Debug|Any CPU
        {4BA30514-8D73-4CE2-B934-BE7C5F1576AA}.Debug|Any CPU.Build.0 = Debug|Any CPU
        {4BA30514-8D73-4CE2-B934-BE7C5F1576AA}.Release|Any CPU.ActiveCfg = Release|Any CPU
        {4BA30514-8D73-4CE2-B934-BE7C5F1576AA}.Release|Any CPU.Build.0 = Release|Any CPU
        {EA4183ED-1108-4293-B380-613762CFF9E9}.Debug|Any CPU.ActiveCfg = Debug|Any CPU
        {EA4183ED-1108-4293-B380-613762CFF9E9}.Debug|Any CPU.Build.0 = Debug|Any CPU
        {EA4183ED-1108-4293-B380-613762CFF9E9}.Release|Any CPU.ActiveCfg = Release|Any CPU
        {EA4183ED-1108-4293-B380-613762CFF9E9}.Release|Any CPU.Build.0 = Release|Any CPU
    EndGlobalSection
    GlobalSection(SolutionProperties) = preSolution
        HideSolutionNode = FALSE
    EndGlobalSection
EndGlobal
