Microsoft Visual Studio Solution File, Format Version 12.00
# Visual Studio Version 17
VisualStudioVersion = 17.5.2.0
MinimumVisualStudioVersion = 10.0.40219.1
Project("{FAE04EC0-301F-11D3-BF4B-00C04F79EFBC}") = "QuickNotesTxt", "QuickNotesTxt.csproj", "{52410B39-9011-CEA5-BCCD-10ADDE655D0E}"
EndProject
Global
	GlobalSection(SolutionConfigurationPlatforms) = preSolution
		Debug|Any CPU = Debug|Any CPU
		Release|Any CPU = Release|Any CPU
	EndGlobalSection
	GlobalSection(ProjectConfigurationPlatforms) = postSolution
		{52410B39-9011-CEA5-BCCD-10ADDE655D0E}.Debug|Any CPU.ActiveCfg = Debug|Any CPU
		{52410B39-9011-CEA5-BCCD-10ADDE655D0E}.Debug|Any CPU.Build.0 = Debug|Any CPU
		{52410B39-9011-CEA5-BCCD-10ADDE655D0E}.Release|Any CPU.ActiveCfg = Release|Any CPU
		{52410B39-9011-CEA5-BCCD-10ADDE655D0E}.Release|Any CPU.Build.0 = Release|Any CPU
	EndGlobalSection
	GlobalSection(SolutionProperties) = preSolution
		HideSolutionNode = FALSE
	EndGlobalSection
	GlobalSection(ExtensibilityGlobals) = postSolution
		SolutionGuid = {907D8D52-CF23-44A7-93E5-60CA8973C9A6}
	EndGlobalSection
EndGlobal
